
Microsoft Visual Studio Solution File, Format Version 12.00
# Visual Studio Version 17
VisualStudioVersion = 17.11.35431.28
MinimumVisualStudioVersion = 10.0.40219.1
Project("{9A19103F-16F7-4668-BE54-9A1E7A4F7556}") = "Ej02_Reader_Select", "Ej02_Reader_Select\Ej02_Reader_Select.csproj", "{F6F09C34-7EB3-4059-B6CA-563FE99B6616}"
EndProject
Project("{9A19103F-16F7-4668-BE54-9A1E7A4F7556}") = "Ej01_Adapter_Select", "Ej01_Adapter_Select\Ej01_Adapter_Select.csproj", "{89FB48F7-9650-4887-A36E-B0F8B0E56A77}"
EndProject
Project("{9A19103F-16F7-4668-BE54-9A1E7A4F7556}") = "Ej03_Insert", "Ej03_Insert\Ej03_Insert.csproj", "{DB99FEDA-F7EF-4236-894F-06A102468D70}"
EndProject
Project("{9A19103F-16F7-4668-BE54-9A1E7A4F7556}") = "Ej05_Update", "Ej05_Update\Ej05_Update.csproj", "{A8D5E614-2558-4E5E-B3C7-A183B2431651}"
EndProject
Project("{2150E333-8FDC-42A3-9474-1A3956D46DE8}") = "docs", "docs", "{E10E05A7-2076-442C-A448-68253D65D1AE}"
	ProjectSection(SolutionItems) = preProject
		scripts\database.sql = scripts\database.sql
		Readme.md = Readme.md
	EndProjectSection
EndProject
Project("{9A19103F-16F7-4668-BE54-9A1E7A4F7556}") = "EJ06_Select_by_Id", "EJ06_Select_by_Id\EJ06_Select_by_Id.csproj", "{6464AC60-5906-42F2-9C61-C35B5270DDFB}"
EndProject
Project("{9A19103F-16F7-4668-BE54-9A1E7A4F7556}") = "Ej04_Insert_return_ID", "Ej04_Insert_return_ID\Ej04_Insert_return_ID.csproj", "{9A480CAA-4424-4BD7-8AE5-FC77478C8ACC}"
EndProject
Project("{2150E333-8FDC-42A3-9474-1A3956D46DE8}") = "Ejemplos_queries", "Ejemplos_queries", "{420EF4D3-2042-4ED6-8581-77D53D955262}"
EndProject
Project("{2150E333-8FDC-42A3-9474-1A3956D46DE8}") = "Ejemplos_obj_a_relacional", "Ejemplos_obj_a_relacional", "{6B0EC933-DE1E-421E-B734-B53B04AF44F1}"
EndProject
Project("{9A19103F-16F7-4668-BE54-9A1E7A4F7556}") = "Ej08_Consulta_Personas", "Ej08_Consulta_Personas\Ej08_Consulta_Personas.csproj", "{3F4707B9-5FF7-4EC6-BD03-CB4C52D49F36}"
EndProject
Project("{9A19103F-16F7-4668-BE54-9A1E7A4F7556}") = "Ej09_CrearPersona", "Ej09_CrearPersona\Ej09_CrearPersona.csproj", "{89A5901A-C53F-4E16-B311-880674E021BE}"
EndProject
Project("{9A19103F-16F7-4668-BE54-9A1E7A4F7556}") = "Ej07_Delete", "Ej07_Delete\Ej07_Delete.csproj", "{A36EEB96-80DF-42E7-84FF-CD96C8C63B27}"
EndProject
Project("{FAE04EC0-301F-11D3-BF4B-00C04F79EFBC}") = "Ej10_ActualizarPersona", "Ej10_ActualizarPersona\Ej10_ActualizarPersona.csproj", "{B39B22D2-B962-4D55-89C2-E60512735A8A}"
EndProject
Project("{FAE04EC0-301F-11D3-BF4B-00C04F79EFBC}") = "Ej11_Consulta_Persona_Por_ID", "Ej11_Consulta_Persona_Por_ID\Ej11_Consulta_Persona_Por_ID.csproj", "{D7DF86B6-659A-4CA6-8686-922068D2248B}"
EndProject
Project("{FAE04EC0-301F-11D3-BF4B-00C04F79EFBC}") = "Ej12_Eliminar_Persona", "Ej12_Eliminar_Persona\Ej12_Eliminar_Persona.csproj", "{14A5F8BA-5A7E-4ED3-BC40-77413681891E}"
EndProject
Project("{2150E333-8FDC-42A3-9474-1A3956D46DE8}") = "DAO", "DAO", "{72DDCF1C-BC42-43FB-91BD-74403D572626}"
EndProject
Project("{FAE04EC0-301F-11D3-BF4B-00C04F79EFBC}") = "Ej13_Administracion_Personas", "Ej13_Administracion_Personas\Ej13_Administracion_Personas.csproj", "{D4BC4D3F-7313-4768-BAED-A8CF170DD144}"
EndProject
Global
	GlobalSection(SolutionConfigurationPlatforms) = preSolution
		Debug|Any CPU = Debug|Any CPU
		Release|Any CPU = Release|Any CPU
	EndGlobalSection
	GlobalSection(ProjectConfigurationPlatforms) = postSolution
		{F6F09C34-7EB3-4059-B6CA-563FE99B6616}.Debug|Any CPU.ActiveCfg = Debug|Any CPU
		{F6F09C34-7EB3-4059-B6CA-563FE99B6616}.Debug|Any CPU.Build.0 = Debug|Any CPU
		{F6F09C34-7EB3-4059-B6CA-563FE99B6616}.Release|Any CPU.ActiveCfg = Release|Any CPU
		{F6F09C34-7EB3-4059-B6CA-563FE99B6616}.Release|Any CPU.Build.0 = Release|Any CPU
		{89FB48F7-9650-4887-A36E-B0F8B0E56A77}.Debug|Any CPU.ActiveCfg = Debug|Any CPU
		{89FB48F7-9650-4887-A36E-B0F8B0E56A77}.Debug|Any CPU.Build.0 = Debug|Any CPU
		{89FB48F7-9650-4887-A36E-B0F8B0E56A77}.Release|Any CPU.ActiveCfg = Release|Any CPU
		{89FB48F7-9650-4887-A36E-B0F8B0E56A77}.Release|Any CPU.Build.0 = Release|Any CPU
		{DB99FEDA-F7EF-4236-894F-06A102468D70}.Debug|Any CPU.ActiveCfg = Debug|Any CPU
		{DB99FEDA-F7EF-4236-894F-06A102468D70}.Debug|Any CPU.Build.0 = Debug|Any CPU
		{DB99FEDA-F7EF-4236-894F-06A102468D70}.Release|Any CPU.ActiveCfg = Release|Any CPU
		{DB99FEDA-F7EF-4236-894F-06A102468D70}.Release|Any CPU.Build.0 = Release|Any CPU
		{A8D5E614-2558-4E5E-B3C7-A183B2431651}.Debug|Any CPU.ActiveCfg = Debug|Any CPU
		{A8D5E614-2558-4E5E-B3C7-A183B2431651}.Debug|Any CPU.Build.0 = Debug|Any CPU
		{A8D5E614-2558-4E5E-B3C7-A183B2431651}.Release|Any CPU.ActiveCfg = Release|Any CPU
		{A8D5E614-2558-4E5E-B3C7-A183B2431651}.Release|Any CPU.Build.0 = Release|Any CPU
		{6464AC60-5906-42F2-9C61-C35B5270DDFB}.Debug|Any CPU.ActiveCfg = Debug|Any CPU
		{6464AC60-5906-42F2-9C61-C35B5270DDFB}.Debug|Any CPU.Build.0 = Debug|Any CPU
		{6464AC60-5906-42F2-9C61-C35B5270DDFB}.Release|Any CPU.ActiveCfg = Release|Any CPU
		{6464AC60-5906-42F2-9C61-C35B5270DDFB}.Release|Any CPU.Build.0 = Release|Any CPU
		{9A480CAA-4424-4BD7-8AE5-FC77478C8ACC}.Debug|Any CPU.ActiveCfg = Debug|Any CPU
		{9A480CAA-4424-4BD7-8AE5-FC77478C8ACC}.Debug|Any CPU.Build.0 = Debug|Any CPU
		{9A480CAA-4424-4BD7-8AE5-FC77478C8ACC}.Release|Any CPU.ActiveCfg = Release|Any CPU
		{9A480CAA-4424-4BD7-8AE5-FC77478C8ACC}.Release|Any CPU.Build.0 = Release|Any CPU
		{3F4707B9-5FF7-4EC6-BD03-CB4C52D49F36}.Debug|Any CPU.ActiveCfg = Debug|Any CPU
		{3F4707B9-5FF7-4EC6-BD03-CB4C52D49F36}.Debug|Any CPU.Build.0 = Debug|Any CPU
		{3F4707B9-5FF7-4EC6-BD03-CB4C52D49F36}.Release|Any CPU.ActiveCfg = Release|Any CPU
		{3F4707B9-5FF7-4EC6-BD03-CB4C52D49F36}.Release|Any CPU.Build.0 = Release|Any CPU
		{89A5901A-C53F-4E16-B311-880674E021BE}.Debug|Any CPU.ActiveCfg = Debug|Any CPU
		{89A5901A-C53F-4E16-B311-880674E021BE}.Debug|Any CPU.Build.0 = Debug|Any CPU
		{89A5901A-C53F-4E16-B311-880674E021BE}.Release|Any CPU.ActiveCfg = Release|Any CPU
		{89A5901A-C53F-4E16-B311-880674E021BE}.Release|Any CPU.Build.0 = Release|Any CPU
		{A36EEB96-80DF-42E7-84FF-CD96C8C63B27}.Debug|Any CPU.ActiveCfg = Debug|Any CPU
		{A36EEB96-80DF-42E7-84FF-CD96C8C63B27}.Debug|Any CPU.Build.0 = Debug|Any CPU
		{A36EEB96-80DF-42E7-84FF-CD96C8C63B27}.Release|Any CPU.ActiveCfg = Release|Any CPU
		{A36EEB96-80DF-42E7-84FF-CD96C8C63B27}.Release|Any CPU.Build.0 = Release|Any CPU
		{B39B22D2-B962-4D55-89C2-E60512735A8A}.Debug|Any CPU.ActiveCfg = Debug|Any CPU
		{B39B22D2-B962-4D55-89C2-E60512735A8A}.Debug|Any CPU.Build.0 = Debug|Any CPU
		{B39B22D2-B962-4D55-89C2-E60512735A8A}.Release|Any CPU.ActiveCfg = Release|Any CPU
		{B39B22D2-B962-4D55-89C2-E60512735A8A}.Release|Any CPU.Build.0 = Release|Any CPU
		{D7DF86B6-659A-4CA6-8686-922068D2248B}.Debug|Any CPU.ActiveCfg = Debug|Any CPU
		{D7DF86B6-659A-4CA6-8686-922068D2248B}.Debug|Any CPU.Build.0 = Debug|Any CPU
		{D7DF86B6-659A-4CA6-8686-922068D2248B}.Release|Any CPU.ActiveCfg = Release|Any CPU
		{D7DF86B6-659A-4CA6-8686-922068D2248B}.Release|Any CPU.Build.0 = Release|Any CPU
		{14A5F8BA-5A7E-4ED3-BC40-77413681891E}.Debug|Any CPU.ActiveCfg = Debug|Any CPU
		{14A5F8BA-5A7E-4ED3-BC40-77413681891E}.Debug|Any CPU.Build.0 = Debug|Any CPU
		{14A5F8BA-5A7E-4ED3-BC40-77413681891E}.Release|Any CPU.ActiveCfg = Release|Any CPU
		{14A5F8BA-5A7E-4ED3-BC40-77413681891E}.Release|Any CPU.Build.0 = Release|Any CPU
		{D4BC4D3F-7313-4768-BAED-A8CF170DD144}.Debug|Any CPU.ActiveCfg = Debug|Any CPU
		{D4BC4D3F-7313-4768-BAED-A8CF170DD144}.Debug|Any CPU.Build.0 = Debug|Any CPU
		{D4BC4D3F-7313-4768-BAED-A8CF170DD144}.Release|Any CPU.ActiveCfg = Release|Any CPU
		{D4BC4D3F-7313-4768-BAED-A8CF170DD144}.Release|Any CPU.Build.0 = Release|Any CPU
	EndGlobalSection
	GlobalSection(SolutionProperties) = preSolution
		HideSolutionNode = FALSE
	EndGlobalSection
	GlobalSection(NestedProjects) = preSolution
		{F6F09C34-7EB3-4059-B6CA-563FE99B6616} = {420EF4D3-2042-4ED6-8581-77D53D955262}
		{89FB48F7-9650-4887-A36E-B0F8B0E56A77} = {420EF4D3-2042-4ED6-8581-77D53D955262}
		{DB99FEDA-F7EF-4236-894F-06A102468D70} = {420EF4D3-2042-4ED6-8581-77D53D955262}
		{A8D5E614-2558-4E5E-B3C7-A183B2431651} = {420EF4D3-2042-4ED6-8581-77D53D955262}
		{6464AC60-5906-42F2-9C61-C35B5270DDFB} = {420EF4D3-2042-4ED6-8581-77D53D955262}
		{9A480CAA-4424-4BD7-8AE5-FC77478C8ACC} = {420EF4D3-2042-4ED6-8581-77D53D955262}
		{3F4707B9-5FF7-4EC6-BD03-CB4C52D49F36} = {6B0EC933-DE1E-421E-B734-B53B04AF44F1}
		{89A5901A-C53F-4E16-B311-880674E021BE} = {6B0EC933-DE1E-421E-B734-B53B04AF44F1}
		{A36EEB96-80DF-42E7-84FF-CD96C8C63B27} = {420EF4D3-2042-4ED6-8581-77D53D955262}
		{B39B22D2-B962-4D55-89C2-E60512735A8A} = {6B0EC933-DE1E-421E-B734-B53B04AF44F1}
		{D7DF86B6-659A-4CA6-8686-922068D2248B} = {6B0EC933-DE1E-421E-B734-B53B04AF44F1}
		{14A5F8BA-5A7E-4ED3-BC40-77413681891E} = {6B0EC933-DE1E-421E-B734-B53B04AF44F1}
		{D4BC4D3F-7313-4768-BAED-A8CF170DD144} = {72DDCF1C-BC42-43FB-91BD-74403D572626}
	EndGlobalSection
	GlobalSection(ExtensibilityGlobals) = postSolution
		SolutionGuid = {479FEF58-8C13-47CE-9100-5D7E306A6E39}
	EndGlobalSection
EndGlobal
